
Microsoft Visual Studio Solution File, Format Version 12.00
# Visual Studio Version 16
VisualStudioVersion = 16.0.31702.278
MinimumVisualStudioVersion = 10.0.40219.1
Project("{8BC9CEB8-8B4A-11D0-8D11-00A0C91BC942}") = "SicaklikDonusturucu", "SicaklikDonusturucu\SicaklikDonusturucu.vcxproj", "{CAFBEAEF-1EBA-47EC-AB99-5AC49900B6A5}"
EndProject
Global
	GlobalSection(SolutionConfigurationPlatforms) = preSolution
		Debug|x64 = Debug|x64
		Debug|x86 = Debug|x86
		Release|x64 = Release|x64
		Release|x86 = Release|x86
	EndGlobalSection
	GlobalSection(ProjectConfigurationPlatforms) = postSolution
		{CAFBEAEF-1EBA-47EC-AB99-5AC49900B6A5}.Debug|x64.ActiveCfg = Debug|x64
		{CAFBEAEF-1EBA-47EC-AB99-5AC49900B6A5}.Debug|x64.Build.0 = Debug|x64
		{CAFBEAEF-1EBA-47EC-AB99-5AC49900B6A5}.Debug|x86.ActiveCfg = Debug|Win32
		{CAFBEAEF-1EBA-47EC-AB99-5AC49900B6A5}.Debug|x86.Build.0 = Debug|Win32
		{CAFBEAEF-1EBA-47EC-AB99-5AC49900B6A5}.Release|x64.ActiveCfg = Release|x64
		{CAFBEAEF-1EBA-47EC-AB99-5AC49900B6A5}.Release|x64.Build.0 = Release|x64
		{CAFBEAEF-1EBA-47EC-AB99-5AC49900B6A5}.Release|x86.ActiveCfg = Release|Win32
		{CAFBEAEF-1EBA-47EC-AB99-5AC49900B6A5}.Release|x86.Build.0 = Release|Win32
	EndGlobalSection
	GlobalSection(SolutionProperties) = preSolution
		HideSolutionNode = FALSE
	EndGlobalSection
	GlobalSection(ExtensibilityGlobals) = postSolution
		SolutionGuid = {02F07D20-6396-443F-839A-7512B7961072}
	EndGlobalSection
EndGlobal
